// !$*UTF8*$!
{
	archiveVersion = 1;
	classes = {
	};
	objectVersion = 55;
	objects = {

/* Begin PBXBuildFile section */
		61F0FABF28CA811F0097D8D8 /* SwiftUI_Login_Registery_FirebaseDBApp.swift in Sources */ = {isa = PBXBuildFile; fileRef = 61F0FABE28CA811F0097D8D8 /* SwiftUI_Login_Registery_FirebaseDBApp.swift */; };
		61F0FAC128CA811F0097D8D8 /* ContentView.swift in Sources */ = {isa = PBXBuildFile; fileRef = 61F0FAC028CA811F0097D8D8 /* ContentView.swift */; };
		61F0FAC328CA811F0097D8D8 /* Assets.xcassets in Resources */ = {isa = PBXBuildFile; fileRef = 61F0FAC228CA811F0097D8D8 /* Assets.xcassets */; };
		61F0FAC628CA811F0097D8D8 /* Preview Assets.xcassets in Resources */ = {isa = PBXBuildFile; fileRef = 61F0FAC528CA811F0097D8D8 /* Preview Assets.xcassets */; };
		61F0FAD028CA811F0097D8D8 /* SwiftUI_Login_Registery_FirebaseDBTests.swift in Sources */ = {isa = PBXBuildFile; fileRef = 61F0FACF28CA811F0097D8D8 /* SwiftUI_Login_Registery_FirebaseDBTests.swift */; };
		61F0FADA28CA811F0097D8D8 /* SwiftUI_Login_Registery_FirebaseDBUITests.swift in Sources */ = {isa = PBXBuildFile; fileRef = 61F0FAD928CA811F0097D8D8 /* SwiftUI_Login_Registery_FirebaseDBUITests.swift */; };
		61F0FADC28CA811F0097D8D8 /* SwiftUI_Login_Registery_FirebaseDBUITestsLaunchTests.swift in Sources */ = {isa = PBXBuildFile; fileRef = 61F0FADB28CA811F0097D8D8 /* SwiftUI_Login_Registery_FirebaseDBUITestsLaunchTests.swift */; };
/* End PBXBuildFile section */

/* Begin PBXContainerItemProxy section */
		61F0FACC28CA811F0097D8D8 /* PBXContainerItemProxy */ = {
			isa = PBXContainerItemProxy;
			containerPortal = 61F0FAB328CA811F0097D8D8 /* Project object */;
			proxyType = 1;
			remoteGlobalIDString = 61F0FABA28CA811F0097D8D8;
			remoteInfo = "SwiftUI-Login-Registery-FirebaseDB";
		};
		61F0FAD628CA811F0097D8D8 /* PBXContainerItemProxy */ = {
			isa = PBXContainerItemProxy;
			containerPortal = 61F0FAB328CA811F0097D8D8 /* Project object */;
			proxyType = 1;
			remoteGlobalIDString = 61F0FABA28CA811F0097D8D8;
			remoteInfo = "SwiftUI-Login-Registery-FirebaseDB";
		};
/* End PBXContainerItemProxy section */

/* Begin PBXFileReference section */
		61F0FABB28CA811F0097D8D8 /* SwiftUI-Login-Registery-FirebaseDB.app */ = {isa = PBXFileReference; explicitFileType = wrapper.application; includeInIndex = 0; path = "SwiftUI-Login-Registery-FirebaseDB.app"; sourceTree = BUILT_PRODUCTS_DIR; };
		61F0FABE28CA811F0097D8D8 /* SwiftUI_Login_Registery_FirebaseDBApp.swift */ = {isa = PBXFileReference; lastKnownFileType = sourcecode.swift; path = SwiftUI_Login_Registery_FirebaseDBApp.swift; sourceTree = "<group>"; };
		61F0FAC028CA811F0097D8D8 /* ContentView.swift */ = {isa = PBXFileReference; lastKnownFileType = sourcecode.swift; path = ContentView.swift; sourceTree = "<group>"; };
		61F0FAC228CA811F0097D8D8 /* Assets.xcassets */ = {isa = PBXFileReference; lastKnownFileType = folder.assetcatalog; path = Assets.xcassets; sourceTree = "<group>"; };
		61F0FAC528CA811F0097D8D8 /* Preview Assets.xcassets */ = {isa = PBXFileReference; lastKnownFileType = folder.assetcatalog; path = "Preview Assets.xcassets"; sourceTree = "<group>"; };
		61F0FACB28CA811F0097D8D8 /* SwiftUI-Login-Registery-FirebaseDBTests.xctest */ = {isa = PBXFileReference; explicitFileType = wrapper.cfbundle; includeInIndex = 0; path = "SwiftUI-Login-Registery-FirebaseDBTests.xctest"; sourceTree = BUILT_PRODUCTS_DIR; };
		61F0FACF28CA811F0097D8D8 /* SwiftUI_Login_Registery_FirebaseDBTests.swift */ = {isa = PBXFileReference; lastKnownFileType = sourcecode.swift; path = SwiftUI_Login_Registery_FirebaseDBTests.swift; sourceTree = "<group>"; };
		61F0FAD528CA811F0097D8D8 /* SwiftUI-Login-Registery-FirebaseDBUITests.xctest */ = {isa = PBXFileReference; explicitFileType = wrapper.cfbundle; includeInIndex = 0; path = "SwiftUI-Login-Registery-FirebaseDBUITests.xctest"; sourceTree = BUILT_PRODUCTS_DIR; };
		61F0FAD928CA811F0097D8D8 /* SwiftUI_Login_Registery_FirebaseDBUITests.swift */ = {isa = PBXFileReference; lastKnownFileType = sourcecode.swift; path = SwiftUI_Login_Registery_FirebaseDBUITests.swift; sourceTree = "<group>"; };
		61F0FADB28CA811F0097D8D8 /* SwiftUI_Login_Registery_FirebaseDBUITestsLaunchTests.swift */ = {isa = PBXFileReference; lastKnownFileType = sourcecode.swift; path = SwiftUI_Login_Registery_FirebaseDBUITestsLaunchTests.swift; sourceTree = "<group>"; };
/* End PBXFileReference section */

/* Begin PBXFrameworksBuildPhase section */
		61F0FAB828CA811F0097D8D8 /* Frameworks */ = {
			isa = PBXFrameworksBuildPhase;
			buildActionMask = 2147483647;
			files = (
			);
			runOnlyForDeploymentPostprocessing = 0;
		};
		61F0FAC828CA811F0097D8D8 /* Frameworks */ = {
			isa = PBXFrameworksBuildPhase;
			buildActionMask = 2147483647;
			files = (
			);
			runOnlyForDeploymentPostprocessing = 0;
		};
		61F0FAD228CA811F0097D8D8 /* Frameworks */ = {
			isa = PBXFrameworksBuildPhase;
			buildActionMask = 2147483647;
			files = (
			);
			runOnlyForDeploymentPostprocessing = 0;
		};
/* End PBXFrameworksBuildPhase section */

/* Begin PBXGroup section */
		61F0FAB228CA811F0097D8D8 = {
			isa = PBXGroup;
			children = (
				61F0FABD28CA811F0097D8D8 /* SwiftUI-Login-Registery-FirebaseDB */,
				61F0FACE28CA811F0097D8D8 /* SwiftUI-Login-Registery-FirebaseDBTests */,
				61F0FAD828CA811F0097D8D8 /* SwiftUI-Login-Registery-FirebaseDBUITests */,
				61F0FABC28CA811F0097D8D8 /* Products */,
			);
			sourceTree = "<group>";
		};
		61F0FABC28CA811F0097D8D8 /* Products */ = {
			isa = PBXGroup;
			children = (
				61F0FABB28CA811F0097D8D8 /* SwiftUI-Login-Registery-FirebaseDB.app */,
				61F0FACB28CA811F0097D8D8 /* SwiftUI-Login-Registery-FirebaseDBTests.xctest */,
				61F0FAD528CA811F0097D8D8 /* SwiftUI-Login-Registery-FirebaseDBUITests.xctest */,
			);
			name = Products;
			sourceTree = "<group>";
		};
		61F0FABD28CA811F0097D8D8 /* SwiftUI-Login-Registery-FirebaseDB */ = {
			isa = PBXGroup;
			children = (
				61F0FABE28CA811F0097D8D8 /* SwiftUI_Login_Registery_FirebaseDBApp.swift */,
				61F0FAC028CA811F0097D8D8 /* ContentView.swift */,
				61F0FAC228CA811F0097D8D8 /* Assets.xcassets */,
				61F0FAC428CA811F0097D8D8 /* Preview Content */,
			);
			path = "SwiftUI-Login-Registery-FirebaseDB";
			sourceTree = "<group>";
		};
		61F0FAC428CA811F0097D8D8 /* Preview Content */ = {
			isa = PBXGroup;
			children = (
				61F0FAC528CA811F0097D8D8 /* Preview Assets.xcassets */,
			);
			path = "Preview Content";
			sourceTree = "<group>";
		};
		61F0FACE28CA811F0097D8D8 /* SwiftUI-Login-Registery-FirebaseDBTests */ = {
			isa = PBXGroup;
			children = (
				61F0FACF28CA811F0097D8D8 /* SwiftUI_Login_Registery_FirebaseDBTests.swift */,
			);
			path = "SwiftUI-Login-Registery-FirebaseDBTests";
			sourceTree = "<group>";
		};
		61F0FAD828CA811F0097D8D8 /* SwiftUI-Login-Registery-FirebaseDBUITests */ = {
			isa = PBXGroup;
			children = (
				61F0FAD928CA811F0097D8D8 /* SwiftUI_Login_Registery_FirebaseDBUITests.swift */,
				61F0FADB28CA811F0097D8D8 /* SwiftUI_Login_Registery_FirebaseDBUITestsLaunchTests.swift */,
			);
			path = "SwiftUI-Login-Registery-FirebaseDBUITests";
			sourceTree = "<group>";
		};
/* End PBXGroup section */

/* Begin PBXNativeTarget section */
		61F0FABA28CA811F0097D8D8 /* SwiftUI-Login-Registery-FirebaseDB */ = {
			isa = PBXNativeTarget;
			buildConfigurationList = 61F0FADF28CA811F0097D8D8 /* Build configuration list for PBXNativeTarget "SwiftUI-Login-Registery-FirebaseDB" */;
			buildPhases = (
				61F0FAB728CA811F0097D8D8 /* Sources */,
				61F0FAB828CA811F0097D8D8 /* Frameworks */,
				61F0FAB928CA811F0097D8D8 /* Resources */,
			);
			buildRules = (
			);
			dependencies = (
			);
			name = "SwiftUI-Login-Registery-FirebaseDB";
			productName = "SwiftUI-Login-Registery-FirebaseDB";
			productReference = 61F0FABB28CA811F0097D8D8 /* SwiftUI-Login-Registery-FirebaseDB.app */;
			productType = "com.apple.product-type.application";
		};
		61F0FACA28CA811F0097D8D8 /* SwiftUI-Login-Registery-FirebaseDBTests */ = {
			isa = PBXNativeTarget;
			buildConfigurationList = 61F0FAE228CA811F0097D8D8 /* Build configuration list for PBXNativeTarget "SwiftUI-Login-Registery-FirebaseDBTests" */;
			buildPhases = (
				61F0FAC728CA811F0097D8D8 /* Sources */,
				61F0FAC828CA811F0097D8D8 /* Frameworks */,
				61F0FAC928CA811F0097D8D8 /* Resources */,
			);
			buildRules = (
			);
			dependencies = (
				61F0FACD28CA811F0097D8D8 /* PBXTargetDependency */,
			);
			name = "SwiftUI-Login-Registery-FirebaseDBTests";
			productName = "SwiftUI-Login-Registery-FirebaseDBTests";
			productReference = 61F0FACB28CA811F0097D8D8 /* SwiftUI-Login-Registery-FirebaseDBTests.xctest */;
			productType = "com.apple.product-type.bundle.unit-test";
		};
		61F0FAD428CA811F0097D8D8 /* SwiftUI-Login-Registery-FirebaseDBUITests */ = {
			isa = PBXNativeTarget;
			buildConfigurationList = 61F0FAE528CA811F0097D8D8 /* Build configuration list for PBXNativeTarget "SwiftUI-Login-Registery-FirebaseDBUITests" */;
			buildPhases = (
				61F0FAD128CA811F0097D8D8 /* Sources */,
				61F0FAD228CA811F0097D8D8 /* Frameworks */,
				61F0FAD328CA811F0097D8D8 /* Resources */,
			);
			buildRules = (
			);
			dependencies = (
				61F0FAD728CA811F0097D8D8 /* PBXTargetDependency */,
			);
			name = "SwiftUI-Login-Registery-FirebaseDBUITests";
			productName = "SwiftUI-Login-Registery-FirebaseDBUITests";
			productReference = 61F0FAD528CA811F0097D8D8 /* SwiftUI-Login-Registery-FirebaseDBUITests.xctest */;
			productType = "com.apple.product-type.bundle.ui-testing";
		};
/* End PBXNativeTarget section */

/* Begin PBXProject section */
		61F0FAB328CA811F0097D8D8 /* Project object */ = {
			isa = PBXProject;
			attributes = {
				BuildIndependentTargetsInParallel = 1;
				LastSwiftUpdateCheck = 1340;
				LastUpgradeCheck = 1340;
				TargetAttributes = {
					61F0FABA28CA811F0097D8D8 = {
						CreatedOnToolsVersion = 13.4.1;
					};
					61F0FACA28CA811F0097D8D8 = {
						CreatedOnToolsVersion = 13.4.1;
						TestTargetID = 61F0FABA28CA811F0097D8D8;
					};
					61F0FAD428CA811F0097D8D8 = {
						CreatedOnToolsVersion = 13.4.1;
						TestTargetID = 61F0FABA28CA811F0097D8D8;
					};
				};
			};
			buildConfigurationList = 61F0FAB628CA811F0097D8D8 /* Build configuration list for PBXProject "SwiftUI-Login-Registery-FirebaseDB" */;
			compatibilityVersion = "Xcode 13.0";
			developmentRegion = en;
			hasScannedForEncodings = 0;
			knownRegions = (
				en,
				Base,
			);
			mainGroup = 61F0FAB228CA811F0097D8D8;
			productRefGroup = 61F0FABC28CA811F0097D8D8 /* Products */;
			projectDirPath = "";
			projectRoot = "";
			targets = (
				61F0FABA28CA811F0097D8D8 /* SwiftUI-Login-Registery-FirebaseDB */,
				61F0FACA28CA811F0097D8D8 /* SwiftUI-Login-Registery-FirebaseDBTests */,
				61F0FAD428CA811F0097D8D8 /* SwiftUI-Login-Registery-FirebaseDBUITests */,
			);
		};
/* End PBXProject section */

/* Begin PBXResourcesBuildPhase section */
		61F0FAB928CA811F0097D8D8 /* Resources */ = {
			isa = PBXResourcesBuildPhase;
			buildActionMask = 2147483647;
			files = (
				61F0FAC628CA811F0097D8D8 /* Preview Assets.xcassets in Resources */,
				61F0FAC328CA811F0097D8D8 /* Assets.xcassets in Resources */,
			);
			runOnlyForDeploymentPostprocessing = 0;
		};
		61F0FAC928CA811F0097D8D8 /* Resources */ = {
			isa = PBXResourcesBuildPhase;
			buildActionMask = 2147483647;
			files = (
			);
			runOnlyForDeploymentPostprocessing = 0;
		};
		61F0FAD328CA811F0097D8D8 /* Resources */ = {
			isa = PBXResourcesBuildPhase;
			buildActionMask = 2147483647;
			files = (
			);
			runOnlyForDeploymentPostprocessing = 0;
		};
/* End PBXResourcesBuildPhase section */

/* Begin PBXSourcesBuildPhase section */
		61F0FAB728CA811F0097D8D8 /* Sources */ = {
			isa = PBXSourcesBuildPhase;
			buildActionMask = 2147483647;
			files = (
				61F0FAC128CA811F0097D8D8 /* ContentView.swift in Sources */,
				61F0FABF28CA811F0097D8D8 /* SwiftUI_Login_Registery_FirebaseDBApp.swift in Sources */,
			);
			runOnlyForDeploymentPostprocessing = 0;
		};
		61F0FAC728CA811F0097D8D8 /* Sources */ = {
			isa = PBXSourcesBuildPhase;
			buildActionMask = 2147483647;
			files = (
				61F0FAD028CA811F0097D8D8 /* SwiftUI_Login_Registery_FirebaseDBTests.swift in Sources */,
			);
			runOnlyForDeploymentPostprocessing = 0;
		};
		61F0FAD128CA811F0097D8D8 /* Sources */ = {
			isa = PBXSourcesBuildPhase;
			buildActionMask = 2147483647;
			files = (
				61F0FADC28CA811F0097D8D8 /* SwiftUI_Login_Registery_FirebaseDBUITestsLaunchTests.swift in Sources */,
				61F0FADA28CA811F0097D8D8 /* SwiftUI_Login_Registery_FirebaseDBUITests.swift in Sources */,
			);
			runOnlyForDeploymentPostprocessing = 0;
		};
/* End PBXSourcesBuildPhase section */

/* Begin PBXTargetDependency section */
		61F0FACD28CA811F0097D8D8 /* PBXTargetDependency */ = {
			isa = PBXTargetDependency;
			target = 61F0FABA28CA811F0097D8D8 /* SwiftUI-Login-Registery-FirebaseDB */;
			targetProxy = 61F0FACC28CA811F0097D8D8 /* PBXContainerItemProxy */;
		};
		61F0FAD728CA811F0097D8D8 /* PBXTargetDependency */ = {
			isa = PBXTargetDependency;
			target = 61F0FABA28CA811F0097D8D8 /* SwiftUI-Login-Registery-FirebaseDB */;
			targetProxy = 61F0FAD628CA811F0097D8D8 /* PBXContainerItemProxy */;
		};
/* End PBXTargetDependency section */

/* Begin XCBuildConfiguration section */
		61F0FADD28CA811F0097D8D8 /* Debug */ = {
			isa = XCBuildConfiguration;
			buildSettings = {
				ALWAYS_SEARCH_USER_PATHS = NO;
				CLANG_ANALYZER_NONNULL = YES;
				CLANG_ANALYZER_NUMBER_OBJECT_CONVERSION = YES_AGGRESSIVE;
				CLANG_CXX_LANGUAGE_STANDARD = "gnu++17";
				CLANG_ENABLE_MODULES = YES;
				CLANG_ENABLE_OBJC_ARC = YES;
				CLANG_ENABLE_OBJC_WEAK = YES;
				CLANG_WARN_BLOCK_CAPTURE_AUTORELEASING = YES;
				CLANG_WARN_BOOL_CONVERSION = YES;
				CLANG_WARN_COMMA = YES;
				CLANG_WARN_CONSTANT_CONVERSION = YES;
				CLANG_WARN_DEPRECATED_OBJC_IMPLEMENTATIONS = YES;
				CLANG_WARN_DIRECT_OBJC_ISA_USAGE = YES_ERROR;
				CLANG_WARN_DOCUMENTATION_COMMENTS = YES;
				CLANG_WARN_EMPTY_BODY = YES;
				CLANG_WARN_ENUM_CONVERSION = YES;
				CLANG_WARN_INFINITE_RECURSION = YES;
				CLANG_WARN_INT_CONVERSION = YES;
				CLANG_WARN_NON_LITERAL_NULL_CONVERSION = YES;
				CLANG_WARN_OBJC_IMPLICIT_RETAIN_SELF = YES;
				CLANG_WARN_OBJC_LITERAL_CONVERSION = YES;
				CLANG_WARN_OBJC_ROOT_CLASS = YES_ERROR;
				CLANG_WARN_QUOTED_INCLUDE_IN_FRAMEWORK_HEADER = YES;
				CLANG_WARN_RANGE_LOOP_ANALYSIS = YES;
				CLANG_WARN_STRICT_PROTOTYPES = YES;
				CLANG_WARN_SUSPICIOUS_MOVE = YES;
				CLANG_WARN_UNGUARDED_AVAILABILITY = YES_AGGRESSIVE;
				CLANG_WARN_UNREACHABLE_CODE = YES;
				CLANG_WARN__DUPLICATE_METHOD_MATCH = YES;
				COPY_PHASE_STRIP = NO;
				DEBUG_INFORMATION_FORMAT = dwarf;
				ENABLE_STRICT_OBJC_MSGSEND = YES;
				ENABLE_TESTABILITY = YES;
				GCC_C_LANGUAGE_STANDARD = gnu11;
				GCC_DYNAMIC_NO_PIC = NO;
				GCC_NO_COMMON_BLOCKS = YES;
				GCC_OPTIMIZATION_LEVEL = 0;
				GCC_PREPROCESSOR_DEFINITIONS = (
					"DEBUG=1",
					"$(inherited)",
				);
				GCC_WARN_64_TO_32_BIT_CONVERSION = YES;
				GCC_WARN_ABOUT_RETURN_TYPE = YES_ERROR;
				GCC_WARN_UNDECLARED_SELECTOR = YES;
				GCC_WARN_UNINITIALIZED_AUTOS = YES_AGGRESSIVE;
				GCC_WARN_UNUSED_FUNCTION = YES;
				GCC_WARN_UNUSED_VARIABLE = YES;
				IPHONEOS_DEPLOYMENT_TARGET = 15.5;
				MTL_ENABLE_DEBUG_INFO = INCLUDE_SOURCE;
				MTL_FAST_MATH = YES;
				ONLY_ACTIVE_ARCH = YES;
				SDKROOT = iphoneos;
				SWIFT_ACTIVE_COMPILATION_CONDITIONS = DEBUG;
				SWIFT_OPTIMIZATION_LEVEL = "-Onone";
			};
			name = Debug;
		};
		61F0FADE28CA811F0097D8D8 /* Release */ = {
			isa = XCBuildConfiguration;
			buildSettings = {
				ALWAYS_SEARCH_USER_PATHS = NO;
				CLANG_ANALYZER_NONNULL = YES;
				CLANG_ANALYZER_NUMBER_OBJECT_CONVERSION = YES_AGGRESSIVE;
				CLANG_CXX_LANGUAGE_STANDARD = "gnu++17";
				CLANG_ENABLE_MODULES = YES;
				CLANG_ENABLE_OBJC_ARC = YES;
				CLANG_ENABLE_OBJC_WEAK = YES;
				CLANG_WARN_BLOCK_CAPTURE_AUTORELEASING = YES;
				CLANG_WARN_BOOL_CONVERSION = YES;
				CLANG_WARN_COMMA = YES;
				CLANG_WARN_CONSTANT_CONVERSION = YES;
				CLANG_WARN_DEPRECATED_OBJC_IMPLEMENTATIONS = YES;
				CLANG_WARN_DIRECT_OBJC_ISA_USAGE = YES_ERROR;
				CLANG_WARN_DOCUMENTATION_COMMENTS = YES;
				CLANG_WARN_EMPTY_BODY = YES;
				CLANG_WARN_ENUM_CONVERSION = YES;
				CLANG_WARN_INFINITE_RECURSION = YES;
				CLANG_WARN_INT_CONVERSION = YES;
				CLANG_WARN_NON_LITERAL_NULL_CONVERSION = YES;
				CLANG_WARN_OBJC_IMPLICIT_RETAIN_SELF = YES;
				CLANG_WARN_OBJC_LITERAL_CONVERSION = YES;
				CLANG_WARN_OBJC_ROOT_CLASS = YES_ERROR;
				CLANG_WARN_QUOTED_INCLUDE_IN_FRAMEWORK_HEADER = YES;
				CLANG_WARN_RANGE_LOOP_ANALYSIS = YES;
				CLANG_WARN_STRICT_PROTOTYPES = YES;
				CLANG_WARN_SUSPICIOUS_MOVE = YES;
				CLANG_WARN_UNGUARDED_AVAILABILITY = YES_AGGRESSIVE;
				CLANG_WARN_UNREACHABLE_CODE = YES;
				CLANG_WARN__DUPLICATE_METHOD_MATCH = YES;
				COPY_PHASE_STRIP = NO;
				DEBUG_INFORMATION_FORMAT = "dwarf-with-dsym";
				ENABLE_NS_ASSERTIONS = NO;
				ENABLE_STRICT_OBJC_MSGSEND = YES;
				GCC_C_LANGUAGE_STANDARD = gnu11;
				GCC_NO_COMMON_BLOCKS = YES;
				GCC_WARN_64_TO_32_BIT_CONVERSION = YES;
				GCC_WARN_ABOUT_RETURN_TYPE = YES_ERROR;
				GCC_WARN_UNDECLARED_SELECTOR = YES;
				GCC_WARN_UNINITIALIZED_AUTOS = YES_AGGRESSIVE;
				GCC_WARN_UNUSED_FUNCTION = YES;
				GCC_WARN_UNUSED_VARIABLE = YES;
				IPHONEOS_DEPLOYMENT_TARGET = 15.5;
				MTL_ENABLE_DEBUG_INFO = NO;
				MTL_FAST_MATH = YES;
				SDKROOT = iphoneos;
				SWIFT_COMPILATION_MODE = wholemodule;
				SWIFT_OPTIMIZATION_LEVEL = "-O";
				VALIDATE_PRODUCT = YES;
			};
			name = Release;
		};
		61F0FAE028CA811F0097D8D8 /* Debug */ = {
			isa = XCBuildConfiguration;
			buildSettings = {
				ASSETCATALOG_COMPILER_APPICON_NAME = AppIcon;
				ASSETCATALOG_COMPILER_GLOBAL_ACCENT_COLOR_NAME = AccentColor;
				CODE_SIGN_STYLE = Automatic;
				CURRENT_PROJECT_VERSION = 1;
				DEVELOPMENT_ASSET_PATHS = "\"SwiftUI-Login-Registery-FirebaseDB/Preview Content\"";
				ENABLE_PREVIEWS = YES;
				GENERATE_INFOPLIST_FILE = YES;
				INFOPLIST_KEY_UIApplicationSceneManifest_Generation = YES;
				INFOPLIST_KEY_UIApplicationSupportsIndirectInputEvents = YES;
				INFOPLIST_KEY_UILaunchScreen_Generation = YES;
				INFOPLIST_KEY_UISupportedInterfaceOrientations_iPad = "UIInterfaceOrientationPortrait UIInterfaceOrientationPortraitUpsideDown UIInterfaceOrientationLandscapeLeft UIInterfaceOrientationLandscapeRight";
				INFOPLIST_KEY_UISupportedInterfaceOrientations_iPhone = "UIInterfaceOrientationPortrait UIInterfaceOrientationLandscapeLeft UIInterfaceOrientationLandscapeRight";
				LD_RUNPATH_SEARCH_PATHS = (
					"$(inherited)",
					"@executable_path/Frameworks",
				);
				MARKETING_VERSION = 1.0;
				PRODUCT_BUNDLE_IDENTIFIER = "com.SwiftUI-Login-Registery-FirebaseDB";
				PRODUCT_NAME = "$(TARGET_NAME)";
				SWIFT_EMIT_LOC_STRINGS = YES;
				SWIFT_VERSION = 5.0;
				TARGETED_DEVICE_FAMILY = "1,2";
			};
			name = Debug;
		};
		61F0FAE128CA811F0097D8D8 /* Release */ = {
			isa = XCBuildConfiguration;
			buildSettings = {
				ASSETCATALOG_COMPILER_APPICON_NAME = AppIcon;
				ASSETCATALOG_COMPILER_GLOBAL_ACCENT_COLOR_NAME = AccentColor;
				CODE_SIGN_STYLE = Automatic;
				CURRENT_PROJECT_VERSION = 1;
				DEVELOPMENT_ASSET_PATHS = "\"SwiftUI-Login-Registery-FirebaseDB/Preview Content\"";
				ENABLE_PREVIEWS = YES;
				GENERATE_INFOPLIST_FILE = YES;
				INFOPLIST_KEY_UIApplicationSceneManifest_Generation = YES;
				INFOPLIST_KEY_UIApplicationSupportsIndirectInputEvents = YES;
				INFOPLIST_KEY_UILaunchScreen_Generation = YES;
				INFOPLIST_KEY_UISupportedInterfaceOrientations_iPad = "UIInterfaceOrientationPortrait UIInterfaceOrientationPortraitUpsideDown UIInterfaceOrientationLandscapeLeft UIInterfaceOrientationLandscapeRight";
				INFOPLIST_KEY_UISupportedInterfaceOrientations_iPhone = "UIInterfaceOrientationPortrait UIInterfaceOrientationLandscapeLeft UIInterfaceOrientationLandscapeRight";
				LD_RUNPATH_SEARCH_PATHS = (
					"$(inherited)",
					"@executable_path/Frameworks",
				);
				MARKETING_VERSION = 1.0;
				PRODUCT_BUNDLE_IDENTIFIER = "com.SwiftUI-Login-Registery-FirebaseDB";
				PRODUCT_NAME = "$(TARGET_NAME)";
				SWIFT_EMIT_LOC_STRINGS = YES;
				SWIFT_VERSION = 5.0;
				TARGETED_DEVICE_FAMILY = "1,2";
			};
			name = Release;
		};
		61F0FAE328CA811F0097D8D8 /* Debug */ = {
			isa = XCBuildConfiguration;
			buildSettings = {
				ALWAYS_EMBED_SWIFT_STANDARD_LIBRARIES = YES;
				BUNDLE_LOADER = "$(TEST_HOST)";
				CODE_SIGN_STYLE = Automatic;
				CURRENT_PROJECT_VERSION = 1;
				GENERATE_INFOPLIST_FILE = YES;
				IPHONEOS_DEPLOYMENT_TARGET = 15.5;
				MARKETING_VERSION = 1.0;
				PRODUCT_BUNDLE_IDENTIFIER = "com.SwiftUI-Login-Registery-FirebaseDBTests";
				PRODUCT_NAME = "$(TARGET_NAME)";
				SWIFT_EMIT_LOC_STRINGS = NO;
				SWIFT_VERSION = 5.0;
				TARGETED_DEVICE_FAMILY = "1,2";
				TEST_HOST = "$(BUILT_PRODUCTS_DIR)/SwiftUI-Login-Registery-FirebaseDB.app/SwiftUI-Login-Registery-FirebaseDB";
			};
			name = Debug;
		};
		61F0FAE428CA811F0097D8D8 /* Release */ = {
			isa = XCBuildConfiguration;
			buildSettings = {
				ALWAYS_EMBED_SWIFT_STANDARD_LIBRARIES = YES;
				BUNDLE_LOADER = "$(TEST_HOST)";
				CODE_SIGN_STYLE = Automatic;
				CURRENT_PROJECT_VERSION = 1;
				GENERATE_INFOPLIST_FILE = YES;
				IPHONEOS_DEPLOYMENT_TARGET = 15.5;
				MARKETING_VERSION = 1.0;
				PRODUCT_BUNDLE_IDENTIFIER = "com.SwiftUI-Login-Registery-FirebaseDBTests";
				PRODUCT_NAME = "$(TARGET_NAME)";
				SWIFT_EMIT_LOC_STRINGS = NO;
				SWIFT_VERSION = 5.0;
				TARGETED_DEVICE_FAMILY = "1,2";
				TEST_HOST = "$(BUILT_PRODUCTS_DIR)/SwiftUI-Login-Registery-FirebaseDB.app/SwiftUI-Login-Registery-FirebaseDB";
			};
			name = Release;
		};
		61F0FAE628CA811F0097D8D8 /* Debug */ = {
			isa = XCBuildConfiguration;
			buildSettings = {
				ALWAYS_EMBED_SWIFT_STANDARD_LIBRARIES = YES;
				CODE_SIGN_STYLE = Automatic;
				CURRENT_PROJECT_VERSION = 1;
				GENERATE_INFOPLIST_FILE = YES;
				MARKETING_VERSION = 1.0;
				PRODUCT_BUNDLE_IDENTIFIER = "com.SwiftUI-Login-Registery-FirebaseDBUITests";
				PRODUCT_NAME = "$(TARGET_NAME)";
				SWIFT_EMIT_LOC_STRINGS = NO;
				SWIFT_VERSION = 5.0;
				TARGETED_DEVICE_FAMILY = "1,2";
				TEST_TARGET_NAME = "SwiftUI-Login-Registery-FirebaseDB";
			};
			name = Debug;
		};
		61F0FAE728CA811F0097D8D8 /* Release */ = {
			isa = XCBuildConfiguration;
			buildSettings = {
				ALWAYS_EMBED_SWIFT_STANDARD_LIBRARIES = YES;
				CODE_SIGN_STYLE = Automatic;
				CURRENT_PROJECT_VERSION = 1;
				GENERATE_INFOPLIST_FILE = YES;
				MARKETING_VERSION = 1.0;
				PRODUCT_BUNDLE_IDENTIFIER = "com.SwiftUI-Login-Registery-FirebaseDBUITests";
				PRODUCT_NAME = "$(TARGET_NAME)";
				SWIFT_EMIT_LOC_STRINGS = NO;
				SWIFT_VERSION = 5.0;
				TARGETED_DEVICE_FAMILY = "1,2";
				TEST_TARGET_NAME = "SwiftUI-Login-Registery-FirebaseDB";
			};
			name = Release;
		};
/* End XCBuildConfiguration section */

/* Begin XCConfigurationList section */
		61F0FAB628CA811F0097D8D8 /* Build configuration list for PBXProject "SwiftUI-Login-Registery-FirebaseDB" */ = {
			isa = XCConfigurationList;
			buildConfigurations = (
				61F0FADD28CA811F0097D8D8 /* Debug */,
				61F0FADE28CA811F0097D8D8 /* Release */,
			);
			defaultConfigurationIsVisible = 0;
			defaultConfigurationName = Release;
		};
		61F0FADF28CA811F0097D8D8 /* Build configuration list for PBXNativeTarget "SwiftUI-Login-Registery-FirebaseDB" */ = {
			isa = XCConfigurationList;
			buildConfigurations = (
				61F0FAE028CA811F0097D8D8 /* Debug */,
				61F0FAE128CA811F0097D8D8 /* Release */,
			);
			defaultConfigurationIsVisible = 0;
			defaultConfigurationName = Release;
		};
		61F0FAE228CA811F0097D8D8 /* Build configuration list for PBXNativeTarget "SwiftUI-Login-Registery-FirebaseDBTests" */ = {
			isa = XCConfigurationList;
			buildConfigurations = (
				61F0FAE328CA811F0097D8D8 /* Debug */,
				61F0FAE428CA811F0097D8D8 /* Release */,
			);
			defaultConfigurationIsVisible = 0;
			defaultConfigurationName = Release;
		};
		61F0FAE528CA811F0097D8D8 /* Build configuration list for PBXNativeTarget "SwiftUI-Login-Registery-FirebaseDBUITests" */ = {
			isa = XCConfigurationList;
			buildConfigurations = (
				61F0FAE628CA811F0097D8D8 /* Debug */,
				61F0FAE728CA811F0097D8D8 /* Release */,
			);
			defaultConfigurationIsVisible = 0;
			defaultConfigurationName = Release;
		};
/* End XCConfigurationList section */
	};
	rootObject = 61F0FAB328CA811F0097D8D8 /* Project object */;
}
